%{"corman": {:git, "git://github.com/EchoTeam/corman.git", "e3c4c9f602441b4d9b8f9f8ea2813b3d791ec9e1", [branch: "master"]},
  "cowboy": {:hex, :cowboy, "1.0.0"},
  "cowlib": {:hex, :cowlib, "1.0.0"},
  "decimal": {:hex, :decimal, "0.2.5"},
  "dht_ring": {:git, "git://github.com/EchoTeam/dht_ring.git", "7a8c4fe3238058aa7c296dc1f1c83344025bd6e1", [branch: "master"]},
  "ecto": {:hex, :ecto, "0.2.5"},
  "erlydtl": {:git, "git://github.com/erlydtl/erlydtl.git", "6280d21a6d9bd5a8f6caf2530773b0e61471b4d0", [branch: "stable"]},
  "eunit_formatters": {:git, "git://github.com/seancribbs/eunit_formatters", "7f79fa3fb953b94990bd9b41e92cef7cfecf91ef", [ref: "7f79fa3fb953b94990bd9b41e92cef7cfecf91ef"]},
  "goldrush": {:git, "git://github.com/DeadZen/goldrush.git", "1d883423ac360b3536ca52dc733a0164bacf3109", [tag: "0.1.5"]},
  "lager": {:git, "git://github.com/basho/lager.git", "ad400896af5b1ad8b4f7a4d34e609b5a990640bb", [tag: "2.0.1"]},
  "linguist": {:hex, :linguist, "0.1.2"},
  "mcd": {:git, "git://github.com/EchoTeam/mcd.git", "4a282234795ecb31f93f59fbaea7940276a0a179", []},
  "merl": {:git, "git://github.com/erlydtl/merl.git", "28e5b3829168199e8475fa91b997e0c03b90d280", [ref: "28e5b3829168199e8475fa91b997e0c03b90d280"]},
  "pdf_generator": {:git, "git://github.com/gutschilla/elixir-pdf-generator.git", "67b72a7b1ed83a058cbf7609912bfb0201fdeaf3", [branch: "master"]},
  "phoenix": {:hex, :phoenix, "0.5.0"},
  "phoenix_dtl": {:hex, :phoenix_dtl, "0.0.1"},
  "plug": {:hex, :plug, "0.8.1"},
  "poison": {:hex, :poison, "1.2.0"},
  "poolboy": {:hex, :poolboy, "1.2.1"},
  "porcelain": {:hex, :porcelain, "2.0.0"},
  "postgrex": {:hex, :postgrex, "0.6.0"},
  "ranch": {:hex, :ranch, "1.0.0"},
  "random": {:git, "git://github.com/gutschilla/elixir-helper-random.git", "fb801765651e8e6fa02866803592eade96b6c4d7", []}}
