%{"bbmustache": {:hex, :bbmustache, "1.0.3"},
  "connection": {:hex, :connection, "1.0.2"},
  "corman": {:git, "git://github.com/EchoTeam/corman.git", "e3c4c9f602441b4d9b8f9f8ea2813b3d791ec9e1", [branch: "master"]},
  "cowboy": {:hex, :cowboy, "1.0.4"},
  "cowlib": {:hex, :cowlib, "1.0.2"},
  "decimal": {:hex, :decimal, "1.1.1"},
  "dht_ring": {:git, "git://github.com/EchoTeam/dht_ring.git", "d5b880ad76aefc81547dbb76b48a97a01d52ff41", [branch: "master"]},
  "ecto": {:hex, :ecto, "1.1.1"},
  "erlware_commons": {:hex, :erlware_commons, "0.15.0"},
  "exrm": {:hex, :exrm, "1.0.0-rc7"},
  "fs": {:hex, :fs, "0.9.2"},
  "getopt": {:hex, :getopt, "0.8.2"},
  "gettext": {:hex, :gettext, "0.9.0"},
  "goldrush": {:git, "git://github.com/DeadZen/goldrush.git", "1d883423ac360b3536ca52dc733a0164bacf3109", [tag: "0.1.5"]},
  "lager": {:git, "git://github.com/basho/lager.git", "ad400896af5b1ad8b4f7a4d34e609b5a990640bb", [tag: "2.0.1"]},
  "mcd": {:git, "https://github.com/EchoTeam/mcd.git", "4a282234795ecb31f93f59fbaea7940276a0a179", []},
  "misc_random": {:hex, :misc_random, "0.2.5"},
  "navigation_tree": {:hex, :navigation_tree, "0.4.4"},
  "phoenix": {:hex, :phoenix, "1.1.2"},
  "phoenix_ecto": {:hex, :phoenix_ecto, "2.0.0"},
  "phoenix_html": {:hex, :phoenix_html, "2.3.1"},
  "phoenix_live_reload": {:hex, :phoenix_live_reload, "1.0.3"},
  "plug": {:hex, :plug, "1.0.3"},
  "plug_session_memcached": {:hex, :plug_session_memcached, "0.2.7"},
  "poison": {:hex, :poison, "1.5.0"},
  "poolboy": {:hex, :poolboy, "1.5.1"},
  "postgrex": {:hex, :postgrex, "0.10.0"},
  "providers": {:hex, :providers, "1.4.1"},
  "ranch": {:hex, :ranch, "1.2.0"},
  "relx": {:hex, :relx, "3.5.0"}}
